
Microsoft Visual Studio Solution File, Format Version 12.00
# Visual Studio Version 16
VisualStudioVersion = 16.0.29728.190
MinimumVisualStudioVersion = 10.0.40219.1
Project("{8BC9CEB8-8B4A-11D0-8D11-00A0C91BC942}") = "Figura DZ", "Figura DZ\Figura DZ.vcxproj", "{CFE01668-05D5-488C-A30C-8BBC44C2E6A6}"
EndProject
Global
	GlobalSection(SolutionConfigurationPlatforms) = preSolution
		Debug|x64 = Debug|x64
		Debug|x86 = Debug|x86
		Release|x64 = Release|x64
		Release|x86 = Release|x86
	EndGlobalSection
	GlobalSection(ProjectConfigurationPlatforms) = postSolution
		{CFE01668-05D5-488C-A30C-8BBC44C2E6A6}.Debug|x64.ActiveCfg = Debug|x64
		{CFE01668-05D5-488C-A30C-8BBC44C2E6A6}.Debug|x64.Build.0 = Debug|x64
		{CFE01668-05D5-488C-A30C-8BBC44C2E6A6}.Debug|x86.ActiveCfg = Debug|Win32
		{CFE01668-05D5-488C-A30C-8BBC44C2E6A6}.Debug|x86.Build.0 = Debug|Win32
		{CFE01668-05D5-488C-A30C-8BBC44C2E6A6}.Release|x64.ActiveCfg = Release|x64
		{CFE01668-05D5-488C-A30C-8BBC44C2E6A6}.Release|x64.Build.0 = Release|x64
		{CFE01668-05D5-488C-A30C-8BBC44C2E6A6}.Release|x86.ActiveCfg = Release|Win32
		{CFE01668-05D5-488C-A30C-8BBC44C2E6A6}.Release|x86.Build.0 = Release|Win32
	EndGlobalSection
	GlobalSection(SolutionProperties) = preSolution
		HideSolutionNode = FALSE
	EndGlobalSection
	GlobalSection(ExtensibilityGlobals) = postSolution
		SolutionGuid = {226173DB-9270-40F2-9CD9-DE596AD02D48}
	EndGlobalSection
EndGlobal
